// !$*UTF8*$!
{
	archiveVersion = 1;
	classes = {
	};
	objectVersion = 46;
	objects = {

/* Begin PBXBuildFile section */
		DB2CD1E61D13E8BA00A702DC /* main.m in Sources */ = {isa = PBXBuildFile; fileRef = DB2CD1E51D13E8BA00A702DC /* main.m */; };
		DB2CD1E91D13E8BA00A702DC /* AppDelegate.m in Sources */ = {isa = PBXBuildFile; fileRef = DB2CD1E81D13E8BA00A702DC /* AppDelegate.m */; };
		DB2CD1EC1D13E8BA00A702DC /* ViewController.m in Sources */ = {isa = PBXBuildFile; fileRef = DB2CD1EB1D13E8BA00A702DC /* ViewController.m */; };
		DB2CD1EF1D13E8BA00A702DC /* Main.storyboard in Resources */ = {isa = PBXBuildFile; fileRef = DB2CD1ED1D13E8BA00A702DC /* Main.storyboard */; };
		DB2CD1F11D13E8BA00A702DC /* Assets.xcassets in Resources */ = {isa = PBXBuildFile; fileRef = DB2CD1F01D13E8BA00A702DC /* Assets.xcassets */; };
		DB2CD1F41D13E8BA00A702DC /* LaunchScreen.storyboard in Resources */ = {isa = PBXBuildFile; fileRef = DB2CD1F21D13E8BA00A702DC /* LaunchScreen.storyboard */; };
		DB2CD1FF1D13E8BA00A702DC /* JFJAnimationsTests.m in Sources */ = {isa = PBXBuildFile; fileRef = DB2CD1FE1D13E8BA00A702DC /* JFJAnimationsTests.m */; };
		DB2CD20A1D13E8BA00A702DC /* JFJAnimationsUITests.m in Sources */ = {isa = PBXBuildFile; fileRef = DB2CD2091D13E8BA00A702DC /* JFJAnimationsUITests.m */; };
		DB2CD21E1D13EB0D00A702DC /* JFJAnimationManager.m in Sources */ = {isa = PBXBuildFile; fileRef = DB2CD21D1D13EB0D00A702DC /* JFJAnimationManager.m */; };
		DB2CD2241D13EB5400A702DC /* easing.c in Sources */ = {isa = PBXBuildFile; fileRef = DB2CD2201D13EB5400A702DC /* easing.c */; };
		DB2CD2251D13EB5400A702DC /* YXEasing.m in Sources */ = {isa = PBXBuildFile; fileRef = DB2CD2231D13EB5400A702DC /* YXEasing.m */; };
		DB2CD22A1D13F6D600A702DC /* easing.png in Resources */ = {isa = PBXBuildFile; fileRef = DB2CD2291D13F6D600A702DC /* easing.png */; };
		DB374EEF1D22729D00F55676 /* ParallaxCell.m in Sources */ = {isa = PBXBuildFile; fileRef = DB374EEE1D22729D00F55676 /* ParallaxCell.m */; };
		DB374EF21D22734A00F55676 /* ParallaxViewController.m in Sources */ = {isa = PBXBuildFile; fileRef = DB374EF11D22734A00F55676 /* ParallaxViewController.m */; };
		DB374EF71D2276BC00F55676 /* demo_1.jpg in Resources */ = {isa = PBXBuildFile; fileRef = DB374EF31D2276BC00F55676 /* demo_1.jpg */; };
		DB374EF81D2276BC00F55676 /* demo_2.jpg in Resources */ = {isa = PBXBuildFile; fileRef = DB374EF41D2276BC00F55676 /* demo_2.jpg */; };
		DB374EF91D2276BC00F55676 /* demo_3.jpg in Resources */ = {isa = PBXBuildFile; fileRef = DB374EF51D2276BC00F55676 /* demo_3.jpg */; };
		DB374EFA1D2276BC00F55676 /* demo_4.png in Resources */ = {isa = PBXBuildFile; fileRef = DB374EF61D2276BC00F55676 /* demo_4.png */; };
		DB38AAA61D18DCB20079D152 /* UITableView+LoadAnimation.m in Sources */ = {isa = PBXBuildFile; fileRef = DB38AAA51D18DCB20079D152 /* UITableView+LoadAnimation.m */; };
		DB38AAAC1D18DCEE0079D152 /* JFJAnimationController.m in Sources */ = {isa = PBXBuildFile; fileRef = DB38AAA91D18DCEE0079D152 /* JFJAnimationController.m */; };
		DB38AAAD1D18DCEE0079D152 /* JFJNavigationController.m in Sources */ = {isa = PBXBuildFile; fileRef = DB38AAAB1D18DCEE0079D152 /* JFJNavigationController.m */; };
		DB38AAB01D18DD750079D152 /* JFJTranslationManager.m in Sources */ = {isa = PBXBuildFile; fileRef = DB38AAAF1D18DD750079D152 /* JFJTranslationManager.m */; };
		DB38AABB1D190FC90079D152 /* 火影01.png in Resources */ = {isa = PBXBuildFile; fileRef = DB38AAB61D190FC90079D152 /* 火影01.png */; };
		DB38AABC1D190FC90079D152 /* 火影02.png in Resources */ = {isa = PBXBuildFile; fileRef = DB38AAB71D190FC90079D152 /* 火影02.png */; };
		DB38AABD1D190FC90079D152 /* 火影03.png in Resources */ = {isa = PBXBuildFile; fileRef = DB38AAB81D190FC90079D152 /* 火影03.png */; };
		DB38AABE1D190FC90079D152 /* 火影04.png in Resources */ = {isa = PBXBuildFile; fileRef = DB38AAB91D190FC90079D152 /* 火影04.png */; };
		DB38AABF1D190FC90079D152 /* 火影05.png in Resources */ = {isa = PBXBuildFile; fileRef = DB38AABA1D190FC90079D152 /* 火影05.png */; };
		DB38AAC91D1A64C70079D152 /* JFJEffectManager.m in Sources */ = {isa = PBXBuildFile; fileRef = DB38AAC81D1A64C70079D152 /* JFJEffectManager.m */; };
		DB38AAD01D1A74CA0079D152 /* UIImage+ImageEffects.m in Sources */ = {isa = PBXBuildFile; fileRef = DB38AACF1D1A74CA0079D152 /* UIImage+ImageEffects.m */; };
		DB3BCCF71D20B6D100720B32 /* PageLayoutController.m in Sources */ = {isa = PBXBuildFile; fileRef = DB3BCCF61D20B6D100720B32 /* PageLayoutController.m */; };
		DB3BCCFA1D20B70000720B32 /* MyCollectionCell.m in Sources */ = {isa = PBXBuildFile; fileRef = DB3BCCF91D20B70000720B32 /* MyCollectionCell.m */; };
		DB434E301D236F1500B02FED /* DGSlimeDotView.m in Sources */ = {isa = PBXBuildFile; fileRef = DB434E2D1D236F1500B02FED /* DGSlimeDotView.m */; };
		DB434E311D236F1500B02FED /* DGSlimeView.m in Sources */ = {isa = PBXBuildFile; fileRef = DB434E2F1D236F1500B02FED /* DGSlimeView.m */; };
		DB434E341D236F8A00B02FED /* DGSlimeController.m in Sources */ = {isa = PBXBuildFile; fileRef = DB434E331D236F8A00B02FED /* DGSlimeController.m */; };
		DB43B7E41D1D2058006C8C2B /* PageCollectionLayout.m in Sources */ = {isa = PBXBuildFile; fileRef = DB43B7E31D1D2058006C8C2B /* PageCollectionLayout.m */; };
		DB4FF5BA1D1B7B1700391875 /* AnchorRotaeViewController.m in Sources */ = {isa = PBXBuildFile; fileRef = DB4FF5A51D1B7B1700391875 /* AnchorRotaeViewController.m */; };
		DB4FF5BB1D1B7B1700391875 /* CenterRoutateViewController.m in Sources */ = {isa = PBXBuildFile; fileRef = DB4FF5A71D1B7B1700391875 /* CenterRoutateViewController.m */; };
		DB4FF5BC1D1B7B1700391875 /* CircleTransController.m in Sources */ = {isa = PBXBuildFile; fileRef = DB4FF5A91D1B7B1700391875 /* CircleTransController.m */; };
		DB4FF5BD1D1B7B1700391875 /* DelayViewController.m in Sources */ = {isa = PBXBuildFile; fileRef = DB4FF5AB1D1B7B1700391875 /* DelayViewController.m */; };
		DB4FF5BE1D1B7B1700391875 /* EffectViewController.m in Sources */ = {isa = PBXBuildFile; fileRef = DB4FF5AD1D1B7B1700391875 /* EffectViewController.m */; };
		DB4FF5BF1D1B7B1700391875 /* FlipViewConreoller.m in Sources */ = {isa = PBXBuildFile; fileRef = DB4FF5AF1D1B7B1700391875 /* FlipViewConreoller.m */; };
		DB4FF5C01D1B7B1700391875 /* ImageTransController.m in Sources */ = {isa = PBXBuildFile; fileRef = DB4FF5B11D1B7B1700391875 /* ImageTransController.m */; };
		DB4FF5C11D1B7B1700391875 /* ShakeViewController.m in Sources */ = {isa = PBXBuildFile; fileRef = DB4FF5B31D1B7B1700391875 /* ShakeViewController.m */; };
		DB4FF5C21D1B7B1700391875 /* SmallToBigViewController.m in Sources */ = {isa = PBXBuildFile; fileRef = DB4FF5B51D1B7B1700391875 /* SmallToBigViewController.m */; };
		DB4FF5C31D1B7B1700391875 /* TransBlurController.m in Sources */ = {isa = PBXBuildFile; fileRef = DB4FF5B71D1B7B1700391875 /* TransBlurController.m */; };
		DB4FF5C41D1B7B1700391875 /* TransSystemController.m in Sources */ = {isa = PBXBuildFile; fileRef = DB4FF5B91D1B7B1700391875 /* TransSystemController.m */; };
		DB4FF5C81D1B847D00391875 /* CircleProgreessView.m in Sources */ = {isa = PBXBuildFile; fileRef = DB4FF5C71D1B847D00391875 /* CircleProgreessView.m */; };
		DB4FF5CE1D1B882300391875 /* CircleViewController.m in Sources */ = {isa = PBXBuildFile; fileRef = DB4FF5CD1D1B882300391875 /* CircleViewController.m */; };
		DB4FF5D31D1BB21E00391875 /* EmitterLayerView.m in Sources */ = {isa = PBXBuildFile; fileRef = DB4FF5D21D1BB21E00391875 /* EmitterLayerView.m */; };
		DB4FF5D61D1BB55600391875 /* EmitterViewController.m in Sources */ = {isa = PBXBuildFile; fileRef = DB4FF5D51D1BB55600391875 /* EmitterViewController.m */; };
		DB4FF5DC1D1BBA6700391875 /* alpha@2x.png in Resources */ = {isa = PBXBuildFile; fileRef = DB4FF5D71D1BBA6700391875 /* alpha@2x.png */; };
		DB4FF5DD1D1BBA6700391875 /* rain@2x.png in Resources */ = {isa = PBXBuildFile; fileRef = DB4FF5D81D1BBA6700391875 /* rain@2x.png */; };
		DB4FF5DE1D1BBA6700391875 /* snow@2x.png in Resources */ = {isa = PBXBuildFile; fileRef = DB4FF5D91D1BBA6700391875 /* snow@2x.png */; };
		DB4FF5DF1D1BBA6700391875 /* SnowView.m in Sources */ = {isa = PBXBuildFile; fileRef = DB4FF5DB1D1BBA6700391875 /* SnowView.m */; };
		DB4FF5E21D1BBA7900391875 /* RainView.m in Sources */ = {isa = PBXBuildFile; fileRef = DB4FF5E11D1BBA7900391875 /* RainView.m */; };
		DB4FF5E81D1BC6AE00391875 /* GradientController.m in Sources */ = {isa = PBXBuildFile; fileRef = DB4FF5E71D1BC6AE00391875 /* GradientController.m */; };
		DB4FF5EB1D1BC6CD00391875 /* GradierntView.m in Sources */ = {isa = PBXBuildFile; fileRef = DB4FF5EA1D1BC6CD00391875 /* GradierntView.m */; };
/* End PBXBuildFile section */

/* Begin PBXContainerItemProxy section */
		DB2CD1FB1D13E8BA00A702DC /* PBXContainerItemProxy */ = {
			isa = PBXContainerItemProxy;
			containerPortal = DB2CD1D91D13E8BA00A702DC /* Project object */;
			proxyType = 1;
			remoteGlobalIDString = DB2CD1E01D13E8BA00A702DC;
			remoteInfo = JFJAnimations;
		};
		DB2CD2061D13E8BA00A702DC /* PBXContainerItemProxy */ = {
			isa = PBXContainerItemProxy;
			containerPortal = DB2CD1D91D13E8BA00A702DC /* Project object */;
			proxyType = 1;
			remoteGlobalIDString = DB2CD1E01D13E8BA00A702DC;
			remoteInfo = JFJAnimations;
		};
/* End PBXContainerItemProxy section */

/* Begin PBXFileReference section */
		DB2CD1E11D13E8BA00A702DC /* JFJAnimations.app */ = {isa = PBXFileReference; explicitFileType = wrapper.application; includeInIndex = 0; path = JFJAnimations.app; sourceTree = BUILT_PRODUCTS_DIR; };
		DB2CD1E51D13E8BA00A702DC /* main.m */ = {isa = PBXFileReference; lastKnownFileType = sourcecode.c.objc; path = main.m; sourceTree = "<group>"; };
		DB2CD1E71D13E8BA00A702DC /* AppDelegate.h */ = {isa = PBXFileReference; lastKnownFileType = sourcecode.c.h; path = AppDelegate.h; sourceTree = "<group>"; };
		DB2CD1E81D13E8BA00A702DC /* AppDelegate.m */ = {isa = PBXFileReference; lastKnownFileType = sourcecode.c.objc; path = AppDelegate.m; sourceTree = "<group>"; };
		DB2CD1EA1D13E8BA00A702DC /* ViewController.h */ = {isa = PBXFileReference; lastKnownFileType = sourcecode.c.h; path = ViewController.h; sourceTree = "<group>"; };
		DB2CD1EB1D13E8BA00A702DC /* ViewController.m */ = {isa = PBXFileReference; lastKnownFileType = sourcecode.c.objc; path = ViewController.m; sourceTree = "<group>"; };
		DB2CD1EE1D13E8BA00A702DC /* Base */ = {isa = PBXFileReference; lastKnownFileType = file.storyboard; name = Base; path = Base.lproj/Main.storyboard; sourceTree = "<group>"; };
		DB2CD1F01D13E8BA00A702DC /* Assets.xcassets */ = {isa = PBXFileReference; lastKnownFileType = folder.assetcatalog; path = Assets.xcassets; sourceTree = "<group>"; };
		DB2CD1F31D13E8BA00A702DC /* Base */ = {isa = PBXFileReference; lastKnownFileType = file.storyboard; name = Base; path = Base.lproj/LaunchScreen.storyboard; sourceTree = "<group>"; };
		DB2CD1F51D13E8BA00A702DC /* Info.plist */ = {isa = PBXFileReference; lastKnownFileType = text.plist.xml; path = Info.plist; sourceTree = "<group>"; };
		DB2CD1FA1D13E8BA00A702DC /* JFJAnimationsTests.xctest */ = {isa = PBXFileReference; explicitFileType = wrapper.cfbundle; includeInIndex = 0; path = JFJAnimationsTests.xctest; sourceTree = BUILT_PRODUCTS_DIR; };
		DB2CD1FE1D13E8BA00A702DC /* JFJAnimationsTests.m */ = {isa = PBXFileReference; lastKnownFileType = sourcecode.c.objc; path = JFJAnimationsTests.m; sourceTree = "<group>"; };
		DB2CD2001D13E8BA00A702DC /* Info.plist */ = {isa = PBXFileReference; lastKnownFileType = text.plist.xml; path = Info.plist; sourceTree = "<group>"; };
		DB2CD2051D13E8BA00A702DC /* JFJAnimationsUITests.xctest */ = {isa = PBXFileReference; explicitFileType = wrapper.cfbundle; includeInIndex = 0; path = JFJAnimationsUITests.xctest; sourceTree = BUILT_PRODUCTS_DIR; };
		DB2CD2091D13E8BA00A702DC /* JFJAnimationsUITests.m */ = {isa = PBXFileReference; lastKnownFileType = sourcecode.c.objc; path = JFJAnimationsUITests.m; sourceTree = "<group>"; };
		DB2CD20B1D13E8BA00A702DC /* Info.plist */ = {isa = PBXFileReference; lastKnownFileType = text.plist.xml; path = Info.plist; sourceTree = "<group>"; };
		DB2CD21C1D13EB0D00A702DC /* JFJAnimationManager.h */ = {isa = PBXFileReference; fileEncoding = 4; lastKnownFileType = sourcecode.c.h; path = JFJAnimationManager.h; sourceTree = "<group>"; };
		DB2CD21D1D13EB0D00A702DC /* JFJAnimationManager.m */ = {isa = PBXFileReference; fileEncoding = 4; lastKnownFileType = sourcecode.c.objc; path = JFJAnimationManager.m; sourceTree = "<group>"; };
		DB2CD2201D13EB5400A702DC /* easing.c */ = {isa = PBXFileReference; fileEncoding = 4; lastKnownFileType = sourcecode.c.c; path = easing.c; sourceTree = "<group>"; };
		DB2CD2211D13EB5400A702DC /* easing.h */ = {isa = PBXFileReference; fileEncoding = 4; lastKnownFileType = sourcecode.c.h; path = easing.h; sourceTree = "<group>"; };
		DB2CD2221D13EB5400A702DC /* YXEasing.h */ = {isa = PBXFileReference; fileEncoding = 4; lastKnownFileType = sourcecode.c.h; path = YXEasing.h; sourceTree = "<group>"; };
		DB2CD2231D13EB5400A702DC /* YXEasing.m */ = {isa = PBXFileReference; fileEncoding = 4; lastKnownFileType = sourcecode.c.objc; path = YXEasing.m; sourceTree = "<group>"; };
		DB2CD2291D13F6D600A702DC /* easing.png */ = {isa = PBXFileReference; lastKnownFileType = image.png; path = easing.png; sourceTree = "<group>"; };
		DB374EED1D22729D00F55676 /* ParallaxCell.h */ = {isa = PBXFileReference; fileEncoding = 4; lastKnownFileType = sourcecode.c.h; path = ParallaxCell.h; sourceTree = "<group>"; };
		DB374EEE1D22729D00F55676 /* ParallaxCell.m */ = {isa = PBXFileReference; fileEncoding = 4; lastKnownFileType = sourcecode.c.objc; path = ParallaxCell.m; sourceTree = "<group>"; };
		DB374EF01D22734A00F55676 /* ParallaxViewController.h */ = {isa = PBXFileReference; fileEncoding = 4; lastKnownFileType = sourcecode.c.h; path = ParallaxViewController.h; sourceTree = "<group>"; };
		DB374EF11D22734A00F55676 /* ParallaxViewController.m */ = {isa = PBXFileReference; fileEncoding = 4; lastKnownFileType = sourcecode.c.objc; path = ParallaxViewController.m; sourceTree = "<group>"; };
		DB374EF31D2276BC00F55676 /* demo_1.jpg */ = {isa = PBXFileReference; lastKnownFileType = image.jpeg; path = demo_1.jpg; sourceTree = "<group>"; };
		DB374EF41D2276BC00F55676 /* demo_2.jpg */ = {isa = PBXFileReference; lastKnownFileType = image.jpeg; path = demo_2.jpg; sourceTree = "<group>"; };
		DB374EF51D2276BC00F55676 /* demo_3.jpg */ = {isa = PBXFileReference; lastKnownFileType = image.jpeg; path = demo_3.jpg; sourceTree = "<group>"; };
		DB374EF61D2276BC00F55676 /* demo_4.png */ = {isa = PBXFileReference; lastKnownFileType = image.png; path = demo_4.png; sourceTree = "<group>"; };
		DB38AAA41D18DCB20079D152 /* UITableView+LoadAnimation.h */ = {isa = PBXFileReference; fileEncoding = 4; lastKnownFileType = sourcecode.c.h; path = "UITableView+LoadAnimation.h"; sourceTree = "<group>"; };
		DB38AAA51D18DCB20079D152 /* UITableView+LoadAnimation.m */ = {isa = PBXFileReference; fileEncoding = 4; lastKnownFileType = sourcecode.c.objc; path = "UITableView+LoadAnimation.m"; sourceTree = "<group>"; };
		DB38AAA81D18DCEE0079D152 /* JFJAnimationController.h */ = {isa = PBXFileReference; fileEncoding = 4; lastKnownFileType = sourcecode.c.h; path = JFJAnimationController.h; sourceTree = "<group>"; };
		DB38AAA91D18DCEE0079D152 /* JFJAnimationController.m */ = {isa = PBXFileReference; fileEncoding = 4; lastKnownFileType = sourcecode.c.objc; path = JFJAnimationController.m; sourceTree = "<group>"; };
		DB38AAAA1D18DCEE0079D152 /* JFJNavigationController.h */ = {isa = PBXFileReference; fileEncoding = 4; lastKnownFileType = sourcecode.c.h; path = JFJNavigationController.h; sourceTree = "<group>"; };
		DB38AAAB1D18DCEE0079D152 /* JFJNavigationController.m */ = {isa = PBXFileReference; fileEncoding = 4; lastKnownFileType = sourcecode.c.objc; path = JFJNavigationController.m; sourceTree = "<group>"; };
		DB38AAAE1D18DD750079D152 /* JFJTranslationManager.h */ = {isa = PBXFileReference; fileEncoding = 4; lastKnownFileType = sourcecode.c.h; path = JFJTranslationManager.h; sourceTree = "<group>"; };
		DB38AAAF1D18DD750079D152 /* JFJTranslationManager.m */ = {isa = PBXFileReference; fileEncoding = 4; lastKnownFileType = sourcecode.c.objc; path = JFJTranslationManager.m; sourceTree = "<group>"; };
		DB38AAB61D190FC90079D152 /* 火影01.png */ = {isa = PBXFileReference; lastKnownFileType = image.png; name = "火影01.png"; path = "../火影01.png"; sourceTree = "<group>"; };
		DB38AAB71D190FC90079D152 /* 火影02.png */ = {isa = PBXFileReference; lastKnownFileType = image.png; name = "火影02.png"; path = "../火影02.png"; sourceTree = "<group>"; };
		DB38AAB81D190FC90079D152 /* 火影03.png */ = {isa = PBXFileReference; lastKnownFileType = image.png; name = "火影03.png"; path = "../火影03.png"; sourceTree = "<group>"; };
		DB38AAB91D190FC90079D152 /* 火影04.png */ = {isa = PBXFileReference; lastKnownFileType = image.png; name = "火影04.png"; path = "../火影04.png"; sourceTree = "<group>"; };
		DB38AABA1D190FC90079D152 /* 火影05.png */ = {isa = PBXFileReference; lastKnownFileType = image.png; name = "火影05.png"; path = "../火影05.png"; sourceTree = "<group>"; };
		DB38AAC81D1A64C70079D152 /* JFJEffectManager.m */ = {isa = PBXFileReference; fileEncoding = 4; lastKnownFileType = sourcecode.c.objc; path = JFJEffectManager.m; sourceTree = "<group>"; };
		DB38AACE1D1A74CA0079D152 /* UIImage+ImageEffects.h */ = {isa = PBXFileReference; fileEncoding = 4; lastKnownFileType = sourcecode.c.h; path = "UIImage+ImageEffects.h"; sourceTree = "<group>"; };
		DB38AACF1D1A74CA0079D152 /* UIImage+ImageEffects.m */ = {isa = PBXFileReference; fileEncoding = 4; lastKnownFileType = sourcecode.c.objc; path = "UIImage+ImageEffects.m"; sourceTree = "<group>"; };
		DB3BCCF51D20B6D100720B32 /* PageLayoutController.h */ = {isa = PBXFileReference; fileEncoding = 4; lastKnownFileType = sourcecode.c.h; path = PageLayoutController.h; sourceTree = "<group>"; };
		DB3BCCF61D20B6D100720B32 /* PageLayoutController.m */ = {isa = PBXFileReference; fileEncoding = 4; lastKnownFileType = sourcecode.c.objc; path = PageLayoutController.m; sourceTree = "<group>"; };
		DB3BCCF81D20B70000720B32 /* MyCollectionCell.h */ = {isa = PBXFileReference; fileEncoding = 4; lastKnownFileType = sourcecode.c.h; name = MyCollectionCell.h; path = ../../controllers/MyCollectionCell.h; sourceTree = "<group>"; };
		DB3BCCF91D20B70000720B32 /* MyCollectionCell.m */ = {isa = PBXFileReference; fileEncoding = 4; lastKnownFileType = sourcecode.c.objc; name = MyCollectionCell.m; path = ../../controllers/MyCollectionCell.m; sourceTree = "<group>"; };
		DB434E2B1D236F1500B02FED /* CommonHeader.h */ = {isa = PBXFileReference; fileEncoding = 4; lastKnownFileType = sourcecode.c.h; path = CommonHeader.h; sourceTree = "<group>"; };
		DB434E2C1D236F1500B02FED /* DGSlimeDotView.h */ = {isa = PBXFileReference; fileEncoding = 4; lastKnownFileType = sourcecode.c.h; path = DGSlimeDotView.h; sourceTree = "<group>"; };
		DB434E2D1D236F1500B02FED /* DGSlimeDotView.m */ = {isa = PBXFileReference; fileEncoding = 4; lastKnownFileType = sourcecode.c.objc; path = DGSlimeDotView.m; sourceTree = "<group>"; };
		DB434E2E1D236F1500B02FED /* DGSlimeView.h */ = {isa = PBXFileReference; fileEncoding = 4; lastKnownFileType = sourcecode.c.h; path = DGSlimeView.h; sourceTree = "<group>"; };
		DB434E2F1D236F1500B02FED /* DGSlimeView.m */ = {isa = PBXFileReference; fileEncoding = 4; lastKnownFileType = sourcecode.c.objc; path = DGSlimeView.m; sourceTree = "<group>"; };
		DB434E321D236F8A00B02FED /* DGSlimeController.h */ = {isa = PBXFileReference; fileEncoding = 4; lastKnownFileType = sourcecode.c.h; path = DGSlimeController.h; sourceTree = "<group>"; };
		DB434E331D236F8A00B02FED /* DGSlimeController.m */ = {isa = PBXFileReference; fileEncoding = 4; lastKnownFileType = sourcecode.c.objc; path = DGSlimeController.m; sourceTree = "<group>"; };
		DB43B7E21D1D2058006C8C2B /* PageCollectionLayout.h */ = {isa = PBXFileReference; fileEncoding = 4; lastKnownFileType = sourcecode.c.h; path = PageCollectionLayout.h; sourceTree = "<group>"; };
		DB43B7E31D1D2058006C8C2B /* PageCollectionLayout.m */ = {isa = PBXFileReference; fileEncoding = 4; lastKnownFileType = sourcecode.c.objc; path = PageCollectionLayout.m; sourceTree = "<group>"; };
		DB4FF5A21D1B7B0500391875 /* JFJEffectManager.h */ = {isa = PBXFileReference; lastKnownFileType = sourcecode.c.h; path = JFJEffectManager.h; sourceTree = "<group>"; };
		DB4FF5A41D1B7B1700391875 /* AnchorRotaeViewController.h */ = {isa = PBXFileReference; fileEncoding = 4; lastKnownFileType = sourcecode.c.h; path = AnchorRotaeViewController.h; sourceTree = "<group>"; };
		DB4FF5A51D1B7B1700391875 /* AnchorRotaeViewController.m */ = {isa = PBXFileReference; fileEncoding = 4; lastKnownFileType = sourcecode.c.objc; path = AnchorRotaeViewController.m; sourceTree = "<group>"; };
		DB4FF5A61D1B7B1700391875 /* CenterRoutateViewController.h */ = {isa = PBXFileReference; fileEncoding = 4; lastKnownFileType = sourcecode.c.h; path = CenterRoutateViewController.h; sourceTree = "<group>"; };
		DB4FF5A71D1B7B1700391875 /* CenterRoutateViewController.m */ = {isa = PBXFileReference; fileEncoding = 4; lastKnownFileType = sourcecode.c.objc; path = CenterRoutateViewController.m; sourceTree = "<group>"; };
		DB4FF5A81D1B7B1700391875 /* CircleTransController.h */ = {isa = PBXFileReference; fileEncoding = 4; lastKnownFileType = sourcecode.c.h; path = CircleTransController.h; sourceTree = "<group>"; };
		DB4FF5A91D1B7B1700391875 /* CircleTransController.m */ = {isa = PBXFileReference; fileEncoding = 4; lastKnownFileType = sourcecode.c.objc; path = CircleTransController.m; sourceTree = "<group>"; };
		DB4FF5AA1D1B7B1700391875 /* DelayViewController.h */ = {isa = PBXFileReference; fileEncoding = 4; lastKnownFileType = sourcecode.c.h; path = DelayViewController.h; sourceTree = "<group>"; };
		DB4FF5AB1D1B7B1700391875 /* DelayViewController.m */ = {isa = PBXFileReference; fileEncoding = 4; lastKnownFileType = sourcecode.c.objc; path = DelayViewController.m; sourceTree = "<group>"; };
		DB4FF5AC1D1B7B1700391875 /* EffectViewController.h */ = {isa = PBXFileReference; fileEncoding = 4; lastKnownFileType = sourcecode.c.h; path = EffectViewController.h; sourceTree = "<group>"; };
		DB4FF5AD1D1B7B1700391875 /* EffectViewController.m */ = {isa = PBXFileReference; fileEncoding = 4; lastKnownFileType = sourcecode.c.objc; path = EffectViewController.m; sourceTree = "<group>"; };
		DB4FF5AE1D1B7B1700391875 /* FlipViewConreoller.h */ = {isa = PBXFileReference; fileEncoding = 4; lastKnownFileType = sourcecode.c.h; path = FlipViewConreoller.h; sourceTree = "<group>"; };
		DB4FF5AF1D1B7B1700391875 /* FlipViewConreoller.m */ = {isa = PBXFileReference; fileEncoding = 4; lastKnownFileType = sourcecode.c.objc; path = FlipViewConreoller.m; sourceTree = "<group>"; };
		DB4FF5B01D1B7B1700391875 /* ImageTransController.h */ = {isa = PBXFileReference; fileEncoding = 4; lastKnownFileType = sourcecode.c.h; path = ImageTransController.h; sourceTree = "<group>"; };
		DB4FF5B11D1B7B1700391875 /* ImageTransController.m */ = {isa = PBXFileReference; fileEncoding = 4; lastKnownFileType = sourcecode.c.objc; path = ImageTransController.m; sourceTree = "<group>"; };
		DB4FF5B21D1B7B1700391875 /* ShakeViewController.h */ = {isa = PBXFileReference; fileEncoding = 4; lastKnownFileType = sourcecode.c.h; path = ShakeViewController.h; sourceTree = "<group>"; };
		DB4FF5B31D1B7B1700391875 /* ShakeViewController.m */ = {isa = PBXFileReference; fileEncoding = 4; lastKnownFileType = sourcecode.c.objc; path = ShakeViewController.m; sourceTree = "<group>"; };
		DB4FF5B41D1B7B1700391875 /* SmallToBigViewController.h */ = {isa = PBXFileReference; fileEncoding = 4; lastKnownFileType = sourcecode.c.h; path = SmallToBigViewController.h; sourceTree = "<group>"; };
		DB4FF5B51D1B7B1700391875 /* SmallToBigViewController.m */ = {isa = PBXFileReference; fileEncoding = 4; lastKnownFileType = sourcecode.c.objc; path = SmallToBigViewController.m; sourceTree = "<group>"; };
		DB4FF5B61D1B7B1700391875 /* TransBlurController.h */ = {isa = PBXFileReference; fileEncoding = 4; lastKnownFileType = sourcecode.c.h; path = TransBlurController.h; sourceTree = "<group>"; };
		DB4FF5B71D1B7B1700391875 /* TransBlurController.m */ = {isa = PBXFileReference; fileEncoding = 4; lastKnownFileType = sourcecode.c.objc; path = TransBlurController.m; sourceTree = "<group>"; };
		DB4FF5B81D1B7B1700391875 /* TransSystemController.h */ = {isa = PBXFileReference; fileEncoding = 4; lastKnownFileType = sourcecode.c.h; path = TransSystemController.h; sourceTree = "<group>"; };
		DB4FF5B91D1B7B1700391875 /* TransSystemController.m */ = {isa = PBXFileReference; fileEncoding = 4; lastKnownFileType = sourcecode.c.objc; path = TransSystemController.m; sourceTree = "<group>"; };
		DB4FF5C61D1B847D00391875 /* CircleProgreessView.h */ = {isa = PBXFileReference; fileEncoding = 4; lastKnownFileType = sourcecode.c.h; path = CircleProgreessView.h; sourceTree = "<group>"; };
		DB4FF5C71D1B847D00391875 /* CircleProgreessView.m */ = {isa = PBXFileReference; fileEncoding = 4; lastKnownFileType = sourcecode.c.objc; path = CircleProgreessView.m; sourceTree = "<group>"; };
		DB4FF5CC1D1B882300391875 /* CircleViewController.h */ = {isa = PBXFileReference; fileEncoding = 4; lastKnownFileType = sourcecode.c.h; path = CircleViewController.h; sourceTree = "<group>"; };
		DB4FF5CD1D1B882300391875 /* CircleViewController.m */ = {isa = PBXFileReference; fileEncoding = 4; lastKnownFileType = sourcecode.c.objc; path = CircleViewController.m; sourceTree = "<group>"; };
		DB4FF5D11D1BB21E00391875 /* EmitterLayerView.h */ = {isa = PBXFileReference; fileEncoding = 4; lastKnownFileType = sourcecode.c.h; path = EmitterLayerView.h; sourceTree = "<group>"; };
		DB4FF5D21D1BB21E00391875 /* EmitterLayerView.m */ = {isa = PBXFileReference; fileEncoding = 4; lastKnownFileType = sourcecode.c.objc; path = EmitterLayerView.m; sourceTree = "<group>"; };
		DB4FF5D41D1BB55600391875 /* EmitterViewController.h */ = {isa = PBXFileReference; fileEncoding = 4; lastKnownFileType = sourcecode.c.h; path = EmitterViewController.h; sourceTree = "<group>"; };
		DB4FF5D51D1BB55600391875 /* EmitterViewController.m */ = {isa = PBXFileReference; fileEncoding = 4; lastKnownFileType = sourcecode.c.objc; path = EmitterViewController.m; sourceTree = "<group>"; };
		DB4FF5D71D1BBA6700391875 /* alpha@2x.png */ = {isa = PBXFileReference; lastKnownFileType = image.png; path = "alpha@2x.png"; sourceTree = "<group>"; };
		DB4FF5D81D1BBA6700391875 /* rain@2x.png */ = {isa = PBXFileReference; lastKnownFileType = image.png; path = "rain@2x.png"; sourceTree = "<group>"; };
		DB4FF5D91D1BBA6700391875 /* snow@2x.png */ = {isa = PBXFileReference; lastKnownFileType = image.png; path = "snow@2x.png"; sourceTree = "<group>"; };
		DB4FF5DA1D1BBA6700391875 /* SnowView.h */ = {isa = PBXFileReference; fileEncoding = 4; lastKnownFileType = sourcecode.c.h; path = SnowView.h; sourceTree = "<group>"; };
		DB4FF5DB1D1BBA6700391875 /* SnowView.m */ = {isa = PBXFileReference; fileEncoding = 4; lastKnownFileType = sourcecode.c.objc; path = SnowView.m; sourceTree = "<group>"; };
		DB4FF5E01D1BBA7900391875 /* RainView.h */ = {isa = PBXFileReference; fileEncoding = 4; lastKnownFileType = sourcecode.c.h; path = RainView.h; sourceTree = "<group>"; };
		DB4FF5E11D1BBA7900391875 /* RainView.m */ = {isa = PBXFileReference; fileEncoding = 4; lastKnownFileType = sourcecode.c.objc; path = RainView.m; sourceTree = "<group>"; };
		DB4FF5E61D1BC6AE00391875 /* GradientController.h */ = {isa = PBXFileReference; fileEncoding = 4; lastKnownFileType = sourcecode.c.h; path = GradientController.h; sourceTree = "<group>"; };
		DB4FF5E71D1BC6AE00391875 /* GradientController.m */ = {isa = PBXFileReference; fileEncoding = 4; lastKnownFileType = sourcecode.c.objc; path = GradientController.m; sourceTree = "<group>"; };
		DB4FF5E91D1BC6CD00391875 /* GradierntView.h */ = {isa = PBXFileReference; fileEncoding = 4; lastKnownFileType = sourcecode.c.h; path = GradierntView.h; sourceTree = "<group>"; };
		DB4FF5EA1D1BC6CD00391875 /* GradierntView.m */ = {isa = PBXFileReference; fileEncoding = 4; lastKnownFileType = sourcecode.c.objc; path = GradierntView.m; sourceTree = "<group>"; };
/* End PBXFileReference section */

/* Begin PBXFrameworksBuildPhase section */
		DB2CD1DE1D13E8BA00A702DC /* Frameworks */ = {
			isa = PBXFrameworksBuildPhase;
			buildActionMask = 2147483647;
			files = (
			);
			runOnlyForDeploymentPostprocessing = 0;
		};
		DB2CD1F71D13E8BA00A702DC /* Frameworks */ = {
			isa = PBXFrameworksBuildPhase;
			buildActionMask = 2147483647;
			files = (
			);
			runOnlyForDeploymentPostprocessing = 0;
		};
		DB2CD2021D13E8BA00A702DC /* Frameworks */ = {
			isa = PBXFrameworksBuildPhase;
			buildActionMask = 2147483647;
			files = (
			);
			runOnlyForDeploymentPostprocessing = 0;
		};
/* End PBXFrameworksBuildPhase section */

/* Begin PBXGroup section */
		DB2CD1D81D13E8BA00A702DC = {
			isa = PBXGroup;
			children = (
				DB2CD1E31D13E8BA00A702DC /* JFJAnimations */,
				DB2CD1FD1D13E8BA00A702DC /* JFJAnimationsTests */,
				DB2CD2081D13E8BA00A702DC /* JFJAnimationsUITests */,
				DB2CD1E21D13E8BA00A702DC /* Products */,
			);
			sourceTree = "<group>";
		};
		DB2CD1E21D13E8BA00A702DC /* Products */ = {
			isa = PBXGroup;
			children = (
				DB2CD1E11D13E8BA00A702DC /* JFJAnimations.app */,
				DB2CD1FA1D13E8BA00A702DC /* JFJAnimationsTests.xctest */,
				DB2CD2051D13E8BA00A702DC /* JFJAnimationsUITests.xctest */,
			);
			name = Products;
			sourceTree = "<group>";
		};
		DB2CD1E31D13E8BA00A702DC /* JFJAnimations */ = {
			isa = PBXGroup;
			children = (
				DB4FF5A31D1B7B1700391875 /* controllers */,
				DB2CD1E71D13E8BA00A702DC /* AppDelegate.h */,
				DB2CD1E81D13E8BA00A702DC /* AppDelegate.m */,
				DB2CD1EA1D13E8BA00A702DC /* ViewController.h */,
				DB2CD1EB1D13E8BA00A702DC /* ViewController.m */,
				DB2CD21B1D13EAF000A702DC /* JFJAnimation */,
				DB2CD1ED1D13E8BA00A702DC /* Main.storyboard */,
				DB2CD1F01D13E8BA00A702DC /* Assets.xcassets */,
				DB2CD1F21D13E8BA00A702DC /* LaunchScreen.storyboard */,
				DB2CD1F51D13E8BA00A702DC /* Info.plist */,
				DB2CD1E41D13E8BA00A702DC /* Supporting Files */,
			);
			path = JFJAnimations;
			sourceTree = "<group>";
		};
		DB2CD1E41D13E8BA00A702DC /* Supporting Files */ = {
			isa = PBXGroup;
			children = (
				DB374EF31D2276BC00F55676 /* demo_1.jpg */,
				DB374EF41D2276BC00F55676 /* demo_2.jpg */,
				DB374EF51D2276BC00F55676 /* demo_3.jpg */,
				DB374EF61D2276BC00F55676 /* demo_4.png */,
				DB38AAB61D190FC90079D152 /* 火影01.png */,
				DB38AAB71D190FC90079D152 /* 火影02.png */,
				DB38AAB81D190FC90079D152 /* 火影03.png */,
				DB38AAB91D190FC90079D152 /* 火影04.png */,
				DB38AABA1D190FC90079D152 /* 火影05.png */,
				DB2CD1E51D13E8BA00A702DC /* main.m */,
			);
			name = "Supporting Files";
			sourceTree = "<group>";
		};
		DB2CD1FD1D13E8BA00A702DC /* JFJAnimationsTests */ = {
			isa = PBXGroup;
			children = (
				DB2CD1FE1D13E8BA00A702DC /* JFJAnimationsTests.m */,
				DB2CD2001D13E8BA00A702DC /* Info.plist */,
			);
			path = JFJAnimationsTests;
			sourceTree = "<group>";
		};
		DB2CD2081D13E8BA00A702DC /* JFJAnimationsUITests */ = {
			isa = PBXGroup;
			children = (
				DB2CD2091D13E8BA00A702DC /* JFJAnimationsUITests.m */,
				DB2CD20B1D13E8BA00A702DC /* Info.plist */,
			);
			path = JFJAnimationsUITests;
			sourceTree = "<group>";
		};
		DB2CD21B1D13EAF000A702DC /* JFJAnimation */ = {
			isa = PBXGroup;
			children = (
				DB434E2A1D236F1500B02FED /* brokeView */,
				DB374EEC1D22729D00F55676 /* ParallaxCell */,
				DB43B7E11D1D1FF6006C8C2B /* CustomCollectionlayout */,
				DB4FF5CF1D1BB1F600391875 /* EmitterLayerView */,
				DB4FF5D01D1BB1F600391875 /* GradientLayerView */,
				DB4FF5C51D1B845B00391875 /* CircleProgessView */,
				DB38AACD1D1A74CA0079D152 /* UIImage+ImageEffects */,
				DB38AAC61D1A611E0079D152 /* TextEffects */,
				DB38AAA71D18DCEE0079D152 /* CustomNavigationViewController */,
				DB38AAA31D18DCB20079D152 /* UITableView+loadAnimtion */,
				DB2CD21F1D13EB5400A702DC /* EasingFiles */,
				DB2CD21C1D13EB0D00A702DC /* JFJAnimationManager.h */,
				DB2CD21D1D13EB0D00A702DC /* JFJAnimationManager.m */,
				DB38AAAE1D18DD750079D152 /* JFJTranslationManager.h */,
				DB38AAAF1D18DD750079D152 /* JFJTranslationManager.m */,
			);
			path = JFJAnimation;
			sourceTree = "<group>";
		};
		DB2CD21F1D13EB5400A702DC /* EasingFiles */ = {
			isa = PBXGroup;
			children = (
				DB2CD2291D13F6D600A702DC /* easing.png */,
				DB2CD2201D13EB5400A702DC /* easing.c */,
				DB2CD2211D13EB5400A702DC /* easing.h */,
				DB2CD2221D13EB5400A702DC /* YXEasing.h */,
				DB2CD2231D13EB5400A702DC /* YXEasing.m */,
			);
			path = EasingFiles;
			sourceTree = "<group>";
		};
		DB374EEC1D22729D00F55676 /* ParallaxCell */ = {
			isa = PBXGroup;
			children = (
				DB374EED1D22729D00F55676 /* ParallaxCell.h */,
				DB374EEE1D22729D00F55676 /* ParallaxCell.m */,
			);
			path = ParallaxCell;
			sourceTree = "<group>";
		};
		DB38AAA31D18DCB20079D152 /* UITableView+loadAnimtion */ = {
			isa = PBXGroup;
			children = (
				DB38AAA41D18DCB20079D152 /* UITableView+LoadAnimation.h */,
				DB38AAA51D18DCB20079D152 /* UITableView+LoadAnimation.m */,
			);
			path = "UITableView+loadAnimtion";
			sourceTree = "<group>";
		};
		DB38AAA71D18DCEE0079D152 /* CustomNavigationViewController */ = {
			isa = PBXGroup;
			children = (
				DB38AAA81D18DCEE0079D152 /* JFJAnimationController.h */,
				DB38AAA91D18DCEE0079D152 /* JFJAnimationController.m */,
				DB38AAAA1D18DCEE0079D152 /* JFJNavigationController.h */,
				DB38AAAB1D18DCEE0079D152 /* JFJNavigationController.m */,
			);
			path = CustomNavigationViewController;
			sourceTree = "<group>";
		};
		DB38AAC61D1A611E0079D152 /* TextEffects */ = {
			isa = PBXGroup;
			children = (
				DB4FF5A21D1B7B0500391875 /* JFJEffectManager.h */,
				DB38AAC81D1A64C70079D152 /* JFJEffectManager.m */,
			);
			path = TextEffects;
			sourceTree = "<group>";
		};
		DB38AACD1D1A74CA0079D152 /* UIImage+ImageEffects */ = {
			isa = PBXGroup;
			children = (
				DB38AACE1D1A74CA0079D152 /* UIImage+ImageEffects.h */,
				DB38AACF1D1A74CA0079D152 /* UIImage+ImageEffects.m */,
			);
			path = "UIImage+ImageEffects";
			sourceTree = "<group>";
		};
		DB434E2A1D236F1500B02FED /* brokeView */ = {
			isa = PBXGroup;
			children = (
				DB434E2B1D236F1500B02FED /* CommonHeader.h */,
				DB434E2C1D236F1500B02FED /* DGSlimeDotView.h */,
				DB434E2D1D236F1500B02FED /* DGSlimeDotView.m */,
				DB434E2E1D236F1500B02FED /* DGSlimeView.h */,
				DB434E2F1D236F1500B02FED /* DGSlimeView.m */,
			);
			path = brokeView;
			sourceTree = "<group>";
		};
		DB43B7E11D1D1FF6006C8C2B /* CustomCollectionlayout */ = {
			isa = PBXGroup;
			children = (
				DB3BCCF81D20B70000720B32 /* MyCollectionCell.h */,
				DB3BCCF91D20B70000720B32 /* MyCollectionCell.m */,
				DB43B7E21D1D2058006C8C2B /* PageCollectionLayout.h */,
				DB43B7E31D1D2058006C8C2B /* PageCollectionLayout.m */,
			);
			path = CustomCollectionlayout;
			sourceTree = "<group>";
		};
		DB4FF5A31D1B7B1700391875 /* controllers */ = {
			isa = PBXGroup;
			children = (
				DB4FF5A41D1B7B1700391875 /* AnchorRotaeViewController.h */,
				DB4FF5A51D1B7B1700391875 /* AnchorRotaeViewController.m */,
				DB4FF5A61D1B7B1700391875 /* CenterRoutateViewController.h */,
				DB4FF5A71D1B7B1700391875 /* CenterRoutateViewController.m */,
				DB4FF5A81D1B7B1700391875 /* CircleTransController.h */,
				DB4FF5A91D1B7B1700391875 /* CircleTransController.m */,
				DB4FF5AA1D1B7B1700391875 /* DelayViewController.h */,
				DB4FF5AB1D1B7B1700391875 /* DelayViewController.m */,
				DB4FF5AC1D1B7B1700391875 /* EffectViewController.h */,
				DB4FF5AD1D1B7B1700391875 /* EffectViewController.m */,
				DB4FF5AE1D1B7B1700391875 /* FlipViewConreoller.h */,
				DB4FF5AF1D1B7B1700391875 /* FlipViewConreoller.m */,
				DB4FF5B01D1B7B1700391875 /* ImageTransController.h */,
				DB4FF5B11D1B7B1700391875 /* ImageTransController.m */,
				DB4FF5B21D1B7B1700391875 /* ShakeViewController.h */,
				DB4FF5B31D1B7B1700391875 /* ShakeViewController.m */,
				DB4FF5B41D1B7B1700391875 /* SmallToBigViewController.h */,
				DB4FF5B51D1B7B1700391875 /* SmallToBigViewController.m */,
				DB4FF5B61D1B7B1700391875 /* TransBlurController.h */,
				DB4FF5B71D1B7B1700391875 /* TransBlurController.m */,
				DB4FF5B81D1B7B1700391875 /* TransSystemController.h */,
				DB4FF5B91D1B7B1700391875 /* TransSystemController.m */,
				DB4FF5CC1D1B882300391875 /* CircleViewController.h */,
				DB4FF5CD1D1B882300391875 /* CircleViewController.m */,
				DB4FF5D41D1BB55600391875 /* EmitterViewController.h */,
				DB4FF5D51D1BB55600391875 /* EmitterViewController.m */,
				DB4FF5E61D1BC6AE00391875 /* GradientController.h */,
				DB4FF5E71D1BC6AE00391875 /* GradientController.m */,
				DB3BCCF51D20B6D100720B32 /* PageLayoutController.h */,
				DB3BCCF61D20B6D100720B32 /* PageLayoutController.m */,
				DB374EF01D22734A00F55676 /* ParallaxViewController.h */,
				DB374EF11D22734A00F55676 /* ParallaxViewController.m */,
				DB434E321D236F8A00B02FED /* DGSlimeController.h */,
				DB434E331D236F8A00B02FED /* DGSlimeController.m */,
			);
			path = controllers;
			sourceTree = "<group>";
		};
		DB4FF5C51D1B845B00391875 /* CircleProgessView */ = {
			isa = PBXGroup;
			children = (
				DB4FF5C61D1B847D00391875 /* CircleProgreessView.h */,
				DB4FF5C71D1B847D00391875 /* CircleProgreessView.m */,
			);
			path = CircleProgessView;
			sourceTree = "<group>";
		};
		DB4FF5CF1D1BB1F600391875 /* EmitterLayerView */ = {
			isa = PBXGroup;
			children = (
				DB4FF5D71D1BBA6700391875 /* alpha@2x.png */,
				DB4FF5D81D1BBA6700391875 /* rain@2x.png */,
				DB4FF5D91D1BBA6700391875 /* snow@2x.png */,
				DB4FF5DA1D1BBA6700391875 /* SnowView.h */,
				DB4FF5DB1D1BBA6700391875 /* SnowView.m */,
				DB4FF5E01D1BBA7900391875 /* RainView.h */,
				DB4FF5E11D1BBA7900391875 /* RainView.m */,
				DB4FF5D11D1BB21E00391875 /* EmitterLayerView.h */,
				DB4FF5D21D1BB21E00391875 /* EmitterLayerView.m */,
			);
			path = EmitterLayerView;
			sourceTree = "<group>";
		};
		DB4FF5D01D1BB1F600391875 /* GradientLayerView */ = {
			isa = PBXGroup;
			children = (
				DB4FF5E91D1BC6CD00391875 /* GradierntView.h */,
				DB4FF5EA1D1BC6CD00391875 /* GradierntView.m */,
			);
			path = GradientLayerView;
			sourceTree = "<group>";
		};
/* End PBXGroup section */

/* Begin PBXNativeTarget section */
		DB2CD1E01D13E8BA00A702DC /* JFJAnimations */ = {
			isa = PBXNativeTarget;
			buildConfigurationList = DB2CD20E1D13E8BA00A702DC /* Build configuration list for PBXNativeTarget "JFJAnimations" */;
			buildPhases = (
				DB2CD1DD1D13E8BA00A702DC /* Sources */,
				DB2CD1DE1D13E8BA00A702DC /* Frameworks */,
				DB2CD1DF1D13E8BA00A702DC /* Resources */,
			);
			buildRules = (
			);
			dependencies = (
			);
			name = JFJAnimations;
			productName = JFJAnimations;
			productReference = DB2CD1E11D13E8BA00A702DC /* JFJAnimations.app */;
			productType = "com.apple.product-type.application";
		};
		DB2CD1F91D13E8BA00A702DC /* JFJAnimationsTests */ = {
			isa = PBXNativeTarget;
			buildConfigurationList = DB2CD2111D13E8BA00A702DC /* Build configuration list for PBXNativeTarget "JFJAnimationsTests" */;
			buildPhases = (
				DB2CD1F61D13E8BA00A702DC /* Sources */,
				DB2CD1F71D13E8BA00A702DC /* Frameworks */,
				DB2CD1F81D13E8BA00A702DC /* Resources */,
			);
			buildRules = (
			);
			dependencies = (
				DB2CD1FC1D13E8BA00A702DC /* PBXTargetDependency */,
			);
			name = JFJAnimationsTests;
			productName = JFJAnimationsTests;
			productReference = DB2CD1FA1D13E8BA00A702DC /* JFJAnimationsTests.xctest */;
			productType = "com.apple.product-type.bundle.unit-test";
		};
		DB2CD2041D13E8BA00A702DC /* JFJAnimationsUITests */ = {
			isa = PBXNativeTarget;
			buildConfigurationList = DB2CD2141D13E8BA00A702DC /* Build configuration list for PBXNativeTarget "JFJAnimationsUITests" */;
			buildPhases = (
				DB2CD2011D13E8BA00A702DC /* Sources */,
				DB2CD2021D13E8BA00A702DC /* Frameworks */,
				DB2CD2031D13E8BA00A702DC /* Resources */,
			);
			buildRules = (
			);
			dependencies = (
				DB2CD2071D13E8BA00A702DC /* PBXTargetDependency */,
			);
			name = JFJAnimationsUITests;
			productName = JFJAnimationsUITests;
			productReference = DB2CD2051D13E8BA00A702DC /* JFJAnimationsUITests.xctest */;
			productType = "com.apple.product-type.bundle.ui-testing";
		};
/* End PBXNativeTarget section */

/* Begin PBXProject section */
		DB2CD1D91D13E8BA00A702DC /* Project object */ = {
			isa = PBXProject;
			attributes = {
				LastUpgradeCheck = 0730;
				ORGANIZATIONNAME = Artron;
				TargetAttributes = {
					DB2CD1E01D13E8BA00A702DC = {
						CreatedOnToolsVersion = 7.3.1;
						DevelopmentTeam = U4KMX8B3F3;
					};
					DB2CD1F91D13E8BA00A702DC = {
						CreatedOnToolsVersion = 7.3.1;
						TestTargetID = DB2CD1E01D13E8BA00A702DC;
					};
					DB2CD2041D13E8BA00A702DC = {
						CreatedOnToolsVersion = 7.3.1;
						TestTargetID = DB2CD1E01D13E8BA00A702DC;
					};
				};
			};
			buildConfigurationList = DB2CD1DC1D13E8BA00A702DC /* Build configuration list for PBXProject "JFJAnimations" */;
			compatibilityVersion = "Xcode 3.2";
			developmentRegion = English;
			hasScannedForEncodings = 0;
			knownRegions = (
				en,
				Base,
			);
			mainGroup = DB2CD1D81D13E8BA00A702DC;
			productRefGroup = DB2CD1E21D13E8BA00A702DC /* Products */;
			projectDirPath = "";
			projectRoot = "";
			targets = (
				DB2CD1E01D13E8BA00A702DC /* JFJAnimations */,
				DB2CD1F91D13E8BA00A702DC /* JFJAnimationsTests */,
				DB2CD2041D13E8BA00A702DC /* JFJAnimationsUITests */,
			);
		};
/* End PBXProject section */

/* Begin PBXResourcesBuildPhase section */
		DB2CD1DF1D13E8BA00A702DC /* Resources */ = {
			isa = PBXResourcesBuildPhase;
			buildActionMask = 2147483647;
			files = (
				DB2CD22A1D13F6D600A702DC /* easing.png in Resources */,
				DB2CD1F41D13E8BA00A702DC /* LaunchScreen.storyboard in Resources */,
				DB2CD1F11D13E8BA00A702DC /* Assets.xcassets in Resources */,
				DB374EF81D2276BC00F55676 /* demo_2.jpg in Resources */,
				DB4FF5DE1D1BBA6700391875 /* snow@2x.png in Resources */,
				DB374EFA1D2276BC00F55676 /* demo_4.png in Resources */,
				DB38AABE1D190FC90079D152 /* 火影04.png in Resources */,
				DB38AABB1D190FC90079D152 /* 火影01.png in Resources */,
				DB4FF5DC1D1BBA6700391875 /* alpha@2x.png in Resources */,
				DB2CD1EF1D13E8BA00A702DC /* Main.storyboard in Resources */,
				DB38AABD1D190FC90079D152 /* 火影03.png in Resources */,
				DB38AABC1D190FC90079D152 /* 火影02.png in Resources */,
				DB374EF71D2276BC00F55676 /* demo_1.jpg in Resources */,
				DB38AABF1D190FC90079D152 /* 火影05.png in Resources */,
				DB374EF91D2276BC00F55676 /* demo_3.jpg in Resources */,
				DB4FF5DD1D1BBA6700391875 /* rain@2x.png in Resources */,
			);
			runOnlyForDeploymentPostprocessing = 0;
		};
		DB2CD1F81D13E8BA00A702DC /* Resources */ = {
			isa = PBXResourcesBuildPhase;
			buildActionMask = 2147483647;
			files = (
			);
			runOnlyForDeploymentPostprocessing = 0;
		};
		DB2CD2031D13E8BA00A702DC /* Resources */ = {
			isa = PBXResourcesBuildPhase;
			buildActionMask = 2147483647;
			files = (
			);
			runOnlyForDeploymentPostprocessing = 0;
		};
/* End PBXResourcesBuildPhase section */

/* Begin PBXSourcesBuildPhase section */
		DB2CD1DD1D13E8BA00A702DC /* Sources */ = {
			isa = PBXSourcesBuildPhase;
			buildActionMask = 2147483647;
			files = (
				DB3BCCF71D20B6D100720B32 /* PageLayoutController.m in Sources */,
				DB4FF5BF1D1B7B1700391875 /* FlipViewConreoller.m in Sources */,
				DB4FF5E81D1BC6AE00391875 /* GradientController.m in Sources */,
				DB4FF5BC1D1B7B1700391875 /* CircleTransController.m in Sources */,
				DB2CD1EC1D13E8BA00A702DC /* ViewController.m in Sources */,
				DB38AAD01D1A74CA0079D152 /* UIImage+ImageEffects.m in Sources */,
				DB38AAAD1D18DCEE0079D152 /* JFJNavigationController.m in Sources */,
				DB2CD2251D13EB5400A702DC /* YXEasing.m in Sources */,
				DB434E311D236F1500B02FED /* DGSlimeView.m in Sources */,
				DB4FF5C01D1B7B1700391875 /* ImageTransController.m in Sources */,
				DB4FF5BE1D1B7B1700391875 /* EffectViewController.m in Sources */,
				DB2CD1E91D13E8BA00A702DC /* AppDelegate.m in Sources */,
				DB374EF21D22734A00F55676 /* ParallaxViewController.m in Sources */,
				DB4FF5BA1D1B7B1700391875 /* AnchorRotaeViewController.m in Sources */,
				DB38AAB01D18DD750079D152 /* JFJTranslationManager.m in Sources */,
				DB38AAA61D18DCB20079D152 /* UITableView+LoadAnimation.m in Sources */,
				DB2CD1E61D13E8BA00A702DC /* main.m in Sources */,
				DB38AAAC1D18DCEE0079D152 /* JFJAnimationController.m in Sources */,
				DB434E301D236F1500B02FED /* DGSlimeDotView.m in Sources */,
				DB4FF5CE1D1B882300391875 /* CircleViewController.m in Sources */,
				DB2CD21E1D13EB0D00A702DC /* JFJAnimationManager.m in Sources */,
				DB4FF5C41D1B7B1700391875 /* TransSystemController.m in Sources */,
				DB434E341D236F8A00B02FED /* DGSlimeController.m in Sources */,
				DB3BCCFA1D20B70000720B32 /* MyCollectionCell.m in Sources */,
				DB4FF5D31D1BB21E00391875 /* EmitterLayerView.m in Sources */,
				DB374EEF1D22729D00F55676 /* ParallaxCell.m in Sources */,
				DB4FF5C11D1B7B1700391875 /* ShakeViewController.m in Sources */,
				DB2CD2241D13EB5400A702DC /* easing.c in Sources */,
				DB4FF5C21D1B7B1700391875 /* SmallToBigViewController.m in Sources */,
				DB4FF5EB1D1BC6CD00391875 /* GradierntView.m in Sources */,
				DB4FF5BB1D1B7B1700391875 /* CenterRoutateViewController.m in Sources */,
				DB43B7E41D1D2058006C8C2B /* PageCollectionLayout.m in Sources */,
				DB4FF5C31D1B7B1700391875 /* TransBlurController.m in Sources */,
				DB4FF5D61D1BB55600391875 /* EmitterViewController.m in Sources */,
				DB4FF5E21D1BBA7900391875 /* RainView.m in Sources */,
				DB4FF5BD1D1B7B1700391875 /* DelayViewController.m in Sources */,
				DB38AAC91D1A64C70079D152 /* JFJEffectManager.m in Sources */,
				DB4FF5C81D1B847D00391875 /* CircleProgreessView.m in Sources */,
				DB4FF5DF1D1BBA6700391875 /* SnowView.m in Sources */,
			);
			runOnlyForDeploymentPostprocessing = 0;
		};
		DB2CD1F61D13E8BA00A702DC /* Sources */ = {
			isa = PBXSourcesBuildPhase;
			buildActionMask = 2147483647;
			files = (
				DB2CD1FF1D13E8BA00A702DC /* JFJAnimationsTests.m in Sources */,
			);
			runOnlyForDeploymentPostprocessing = 0;
		};
		DB2CD2011D13E8BA00A702DC /* Sources */ = {
			isa = PBXSourcesBuildPhase;
			buildActionMask = 2147483647;
			files = (
				DB2CD20A1D13E8BA00A702DC /* JFJAnimationsUITests.m in Sources */,
			);
			runOnlyForDeploymentPostprocessing = 0;
		};
/* End PBXSourcesBuildPhase section */

/* Begin PBXTargetDependency section */
		DB2CD1FC1D13E8BA00A702DC /* PBXTargetDependency */ = {
			isa = PBXTargetDependency;
			target = DB2CD1E01D13E8BA00A702DC /* JFJAnimations */;
			targetProxy = DB2CD1FB1D13E8BA00A702DC /* PBXContainerItemProxy */;
		};
		DB2CD2071D13E8BA00A702DC /* PBXTargetDependency */ = {
			isa = PBXTargetDependency;
			target = DB2CD1E01D13E8BA00A702DC /* JFJAnimations */;
			targetProxy = DB2CD2061D13E8BA00A702DC /* PBXContainerItemProxy */;
		};
/* End PBXTargetDependency section */

/* Begin PBXVariantGroup section */
		DB2CD1ED1D13E8BA00A702DC /* Main.storyboard */ = {
			isa = PBXVariantGroup;
			children = (
				DB2CD1EE1D13E8BA00A702DC /* Base */,
			);
			name = Main.storyboard;
			sourceTree = "<group>";
		};
		DB2CD1F21D13E8BA00A702DC /* LaunchScreen.storyboard */ = {
			isa = PBXVariantGroup;
			children = (
				DB2CD1F31D13E8BA00A702DC /* Base */,
			);
			name = LaunchScreen.storyboard;
			sourceTree = "<group>";
		};
/* End PBXVariantGroup section */

/* Begin XCBuildConfiguration section */
		DB2CD20C1D13E8BA00A702DC /* Debug */ = {
			isa = XCBuildConfiguration;
			buildSettings = {
				ALWAYS_SEARCH_USER_PATHS = NO;
				CLANG_ANALYZER_NONNULL = YES;
				CLANG_CXX_LANGUAGE_STANDARD = "gnu++0x";
				CLANG_CXX_LIBRARY = "libc++";
				CLANG_ENABLE_MODULES = YES;
				CLANG_ENABLE_OBJC_ARC = YES;
				CLANG_WARN_BOOL_CONVERSION = YES;
				CLANG_WARN_CONSTANT_CONVERSION = YES;
				CLANG_WARN_DIRECT_OBJC_ISA_USAGE = YES_ERROR;
				CLANG_WARN_EMPTY_BODY = YES;
				CLANG_WARN_ENUM_CONVERSION = YES;
				CLANG_WARN_INT_CONVERSION = YES;
				CLANG_WARN_OBJC_ROOT_CLASS = YES_ERROR;
				CLANG_WARN_UNREACHABLE_CODE = YES;
				CLANG_WARN__DUPLICATE_METHOD_MATCH = YES;
				"CODE_SIGN_IDENTITY[sdk=iphoneos*]" = "iPhone Developer";
				COPY_PHASE_STRIP = NO;
				DEBUG_INFORMATION_FORMAT = dwarf;
				ENABLE_STRICT_OBJC_MSGSEND = YES;
				ENABLE_TESTABILITY = YES;
				GCC_C_LANGUAGE_STANDARD = gnu99;
				GCC_DYNAMIC_NO_PIC = NO;
				GCC_NO_COMMON_BLOCKS = YES;
				GCC_OPTIMIZATION_LEVEL = 0;
				GCC_PREPROCESSOR_DEFINITIONS = (
					"DEBUG=1",
					"$(inherited)",
				);
				GCC_WARN_64_TO_32_BIT_CONVERSION = YES;
				GCC_WARN_ABOUT_RETURN_TYPE = YES_ERROR;
				GCC_WARN_UNDECLARED_SELECTOR = YES;
				GCC_WARN_UNINITIALIZED_AUTOS = YES_AGGRESSIVE;
				GCC_WARN_UNUSED_FUNCTION = YES;
				GCC_WARN_UNUSED_VARIABLE = YES;
				IPHONEOS_DEPLOYMENT_TARGET = 9.3;
				MTL_ENABLE_DEBUG_INFO = YES;
				ONLY_ACTIVE_ARCH = YES;
				SDKROOT = iphoneos;
			};
			name = Debug;
		};
		DB2CD20D1D13E8BA00A702DC /* Release */ = {
			isa = XCBuildConfiguration;
			buildSettings = {
				ALWAYS_SEARCH_USER_PATHS = NO;
				CLANG_ANALYZER_NONNULL = YES;
				CLANG_CXX_LANGUAGE_STANDARD = "gnu++0x";
				CLANG_CXX_LIBRARY = "libc++";
				CLANG_ENABLE_MODULES = YES;
				CLANG_ENABLE_OBJC_ARC = YES;
				CLANG_WARN_BOOL_CONVERSION = YES;
				CLANG_WARN_CONSTANT_CONVERSION = YES;
				CLANG_WARN_DIRECT_OBJC_ISA_USAGE = YES_ERROR;
				CLANG_WARN_EMPTY_BODY = YES;
				CLANG_WARN_ENUM_CONVERSION = YES;
				CLANG_WARN_INT_CONVERSION = YES;
				CLANG_WARN_OBJC_ROOT_CLASS = YES_ERROR;
				CLANG_WARN_UNREACHABLE_CODE = YES;
				CLANG_WARN__DUPLICATE_METHOD_MATCH = YES;
				"CODE_SIGN_IDENTITY[sdk=iphoneos*]" = "iPhone Developer";
				COPY_PHASE_STRIP = NO;
				DEBUG_INFORMATION_FORMAT = "dwarf-with-dsym";
				ENABLE_NS_ASSERTIONS = NO;
				ENABLE_STRICT_OBJC_MSGSEND = YES;
				GCC_C_LANGUAGE_STANDARD = gnu99;
				GCC_NO_COMMON_BLOCKS = YES;
				GCC_WARN_64_TO_32_BIT_CONVERSION = YES;
				GCC_WARN_ABOUT_RETURN_TYPE = YES_ERROR;
				GCC_WARN_UNDECLARED_SELECTOR = YES;
				GCC_WARN_UNINITIALIZED_AUTOS = YES_AGGRESSIVE;
				GCC_WARN_UNUSED_FUNCTION = YES;
				GCC_WARN_UNUSED_VARIABLE = YES;
				IPHONEOS_DEPLOYMENT_TARGET = 9.3;
				MTL_ENABLE_DEBUG_INFO = NO;
				SDKROOT = iphoneos;
				VALIDATE_PRODUCT = YES;
			};
			name = Release;
		};
		DB2CD20F1D13E8BA00A702DC /* Debug */ = {
			isa = XCBuildConfiguration;
			buildSettings = {
				ASSETCATALOG_COMPILER_APPICON_NAME = AppIcon;
				CLANG_ENABLE_OBJC_WEAK = YES;
				CODE_SIGN_IDENTITY = "iPhone Developer";
				INFOPLIST_FILE = JFJAnimations/Info.plist;
				LD_RUNPATH_SEARCH_PATHS = "$(inherited) @executable_path/Frameworks";
				PRODUCT_BUNDLE_IDENTIFIER = com.artron.JFJAnimations;
				PRODUCT_NAME = "$(TARGET_NAME)";
			};
			name = Debug;
		};
		DB2CD2101D13E8BA00A702DC /* Release */ = {
			isa = XCBuildConfiguration;
			buildSettings = {
				ASSETCATALOG_COMPILER_APPICON_NAME = AppIcon;
				CLANG_ENABLE_OBJC_WEAK = YES;
				CODE_SIGN_IDENTITY = "iPhone Developer";
				INFOPLIST_FILE = JFJAnimations/Info.plist;
				LD_RUNPATH_SEARCH_PATHS = "$(inherited) @executable_path/Frameworks";
				PRODUCT_BUNDLE_IDENTIFIER = com.artron.JFJAnimations;
				PRODUCT_NAME = "$(TARGET_NAME)";
			};
			name = Release;
		};
		DB2CD2121D13E8BA00A702DC /* Debug */ = {
			isa = XCBuildConfiguration;
			buildSettings = {
				BUNDLE_LOADER = "$(TEST_HOST)";
				INFOPLIST_FILE = JFJAnimationsTests/Info.plist;
				LD_RUNPATH_SEARCH_PATHS = "$(inherited) @executable_path/Frameworks @loader_path/Frameworks";
				PRODUCT_BUNDLE_IDENTIFIER = com.artron.JFJAnimationsTests;
				PRODUCT_NAME = "$(TARGET_NAME)";
				TEST_HOST = "$(BUILT_PRODUCTS_DIR)/JFJAnimations.app/JFJAnimations";
			};
			name = Debug;
		};
		DB2CD2131D13E8BA00A702DC /* Release */ = {
			isa = XCBuildConfiguration;
			buildSettings = {
				BUNDLE_LOADER = "$(TEST_HOST)";
				INFOPLIST_FILE = JFJAnimationsTests/Info.plist;
				LD_RUNPATH_SEARCH_PATHS = "$(inherited) @executable_path/Frameworks @loader_path/Frameworks";
				PRODUCT_BUNDLE_IDENTIFIER = com.artron.JFJAnimationsTests;
				PRODUCT_NAME = "$(TARGET_NAME)";
				TEST_HOST = "$(BUILT_PRODUCTS_DIR)/JFJAnimations.app/JFJAnimations";
			};
			name = Release;
		};
		DB2CD2151D13E8BA00A702DC /* Debug */ = {
			isa = XCBuildConfiguration;
			buildSettings = {
				INFOPLIST_FILE = JFJAnimationsUITests/Info.plist;
				LD_RUNPATH_SEARCH_PATHS = "$(inherited) @executable_path/Frameworks @loader_path/Frameworks";
				PRODUCT_BUNDLE_IDENTIFIER = com.artron.JFJAnimationsUITests;
				PRODUCT_NAME = "$(TARGET_NAME)";
				TEST_TARGET_NAME = JFJAnimations;
			};
			name = Debug;
		};
		DB2CD2161D13E8BA00A702DC /* Release */ = {
			isa = XCBuildConfiguration;
			buildSettings = {
				INFOPLIST_FILE = JFJAnimationsUITests/Info.plist;
				LD_RUNPATH_SEARCH_PATHS = "$(inherited) @executable_path/Frameworks @loader_path/Frameworks";
				PRODUCT_BUNDLE_IDENTIFIER = com.artron.JFJAnimationsUITests;
				PRODUCT_NAME = "$(TARGET_NAME)";
				TEST_TARGET_NAME = JFJAnimations;
			};
			name = Release;
		};
/* End XCBuildConfiguration section */

/* Begin XCConfigurationList section */
		DB2CD1DC1D13E8BA00A702DC /* Build configuration list for PBXProject "JFJAnimations" */ = {
			isa = XCConfigurationList;
			buildConfigurations = (
				DB2CD20C1D13E8BA00A702DC /* Debug */,
				DB2CD20D1D13E8BA00A702DC /* Release */,
			);
			defaultConfigurationIsVisible = 0;
			defaultConfigurationName = Release;
		};
		DB2CD20E1D13E8BA00A702DC /* Build configuration list for PBXNativeTarget "JFJAnimations" */ = {
			isa = XCConfigurationList;
			buildConfigurations = (
				DB2CD20F1D13E8BA00A702DC /* Debug */,
				DB2CD2101D13E8BA00A702DC /* Release */,
			);
			defaultConfigurationIsVisible = 0;
			defaultConfigurationName = Release;
		};
		DB2CD2111D13E8BA00A702DC /* Build configuration list for PBXNativeTarget "JFJAnimationsTests" */ = {
			isa = XCConfigurationList;
			buildConfigurations = (
				DB2CD2121D13E8BA00A702DC /* Debug */,
				DB2CD2131D13E8BA00A702DC /* Release */,
			);
			defaultConfigurationIsVisible = 0;
			defaultConfigurationName = Release;
		};
		DB2CD2141D13E8BA00A702DC /* Build configuration list for PBXNativeTarget "JFJAnimationsUITests" */ = {
			isa = XCConfigurationList;
			buildConfigurations = (
				DB2CD2151D13E8BA00A702DC /* Debug */,
				DB2CD2161D13E8BA00A702DC /* Release */,
			);
			defaultConfigurationIsVisible = 0;
			defaultConfigurationName = Release;
		};
/* End XCConfigurationList section */
	};
	rootObject = DB2CD1D91D13E8BA00A702DC /* Project object */;
}
